
Microsoft Visual Studio Solution File, Format Version 12.00
# Visual Studio Version 17
VisualStudioVersion = 17.9.34701.34
MinimumVisualStudioVersion = 10.0.40219.1
Project("{9A19103F-16F7-4668-BE54-9A1E7A4F7556}") = "Biblioteca", "Biblioteca.csproj", "{D1412BAB-411D-45AC-BFE5-3CF16E2A2642}"
EndProject
Global
	GlobalSection(SolutionConfigurationPlatforms) = preSolution
		Debug|Any CPU = Debug|Any CPU
		Release|Any CPU = Release|Any CPU
	EndGlobalSection
	GlobalSection(ProjectConfigurationPlatforms) = postSolution
		{D1412BAB-411D-45AC-BFE5-3CF16E2A2642}.Debug|Any CPU.ActiveCfg = Debug|Any CPU
		{D1412BAB-411D-45AC-BFE5-3CF16E2A2642}.Debug|Any CPU.Build.0 = Debug|Any CPU
		{D1412BAB-411D-45AC-BFE5-3CF16E2A2642}.Release|Any CPU.ActiveCfg = Release|Any CPU
		{D1412BAB-411D-45AC-BFE5-3CF16E2A2642}.Release|Any CPU.Build.0 = Release|Any CPU
	EndGlobalSection
	GlobalSection(SolutionProperties) = preSolution
		HideSolutionNode = FALSE
	EndGlobalSection
	GlobalSection(ExtensibilityGlobals) = postSolution
		SolutionGuid = {CA9F2494-1341-4A9F-A857-922C0DC79ECE}
	EndGlobalSection
EndGlobal
